// !$*UTF8*$!
{
	archiveVersion = 1;
	classes = {
	};
	objectVersion = 46;
	objects = {

/* Begin PBXBuildFile section */
		EB5B85B61C229C6800807AC3 /* main.m in Sources */ = {isa = PBXBuildFile; fileRef = EB5B85B51C229C6800807AC3 /* main.m */; };
		EB5B85B91C229C6800807AC3 /* AppDelegate.m in Sources */ = {isa = PBXBuildFile; fileRef = EB5B85B81C229C6800807AC3 /* AppDelegate.m */; };
		EB5B85C11C229C6800807AC3 /* Assets.xcassets in Resources */ = {isa = PBXBuildFile; fileRef = EB5B85C01C229C6800807AC3 /* Assets.xcassets */; };
		EB5B85C41C229C6800807AC3 /* LaunchScreen.storyboard in Resources */ = {isa = PBXBuildFile; fileRef = EB5B85C21C229C6800807AC3 /* LaunchScreen.storyboard */; };
		EB5B85CF1C229C6800807AC3 /* TarBarTests.m in Sources */ = {isa = PBXBuildFile; fileRef = EB5B85CE1C229C6800807AC3 /* TarBarTests.m */; };
		EB5B85DA1C229C6800807AC3 /* TarBarUITests.m in Sources */ = {isa = PBXBuildFile; fileRef = EB5B85D91C229C6800807AC3 /* TarBarUITests.m */; };
		EB5B85EA1C229CAB00807AC3 /* ContentUIvewController.m in Sources */ = {isa = PBXBuildFile; fileRef = EB5B85E81C229CAB00807AC3 /* ContentUIvewController.m */; };
		EB5B85EB1C229CAB00807AC3 /* ContentUIvewController.xib in Resources */ = {isa = PBXBuildFile; fileRef = EB5B85E91C229CAB00807AC3 /* ContentUIvewController.xib */; };
		EB5B85EE1C229DC000807AC3 /* UIImage+Extension.m in Sources */ = {isa = PBXBuildFile; fileRef = EB5B85ED1C229DC000807AC3 /* UIImage+Extension.m */; };
		EB5B85F11C229DCA00807AC3 /* BLHConst.m in Sources */ = {isa = PBXBuildFile; fileRef = EB5B85F01C229DCA00807AC3 /* BLHConst.m */; };
		EB5B85F81C229DFD00807AC3 /* CulturalCommitteeSystemViewController.m in Sources */ = {isa = PBXBuildFile; fileRef = EB5B85F31C229DFD00807AC3 /* CulturalCommitteeSystemViewController.m */; };
		EB5B85F91C229DFD00807AC3 /* CulturalCommitteeSystemViewController.xib in Resources */ = {isa = PBXBuildFile; fileRef = EB5B85F41C229DFD00807AC3 /* CulturalCommitteeSystemViewController.xib */; };
		EB5B85FA1C229DFD00807AC3 /* StreetTownViewController.m in Sources */ = {isa = PBXBuildFile; fileRef = EB5B85F61C229DFD00807AC3 /* StreetTownViewController.m */; };
		EB5B85FB1C229DFD00807AC3 /* StreetTownViewController.xib in Resources */ = {isa = PBXBuildFile; fileRef = EB5B85F71C229DFD00807AC3 /* StreetTownViewController.xib */; };
/* End PBXBuildFile section */

/* Begin PBXContainerItemProxy section */
		EB5B85CB1C229C6800807AC3 /* PBXContainerItemProxy */ = {
			isa = PBXContainerItemProxy;
			containerPortal = EB5B85A91C229C6800807AC3 /* Project object */;
			proxyType = 1;
			remoteGlobalIDString = EB5B85B01C229C6800807AC3;
			remoteInfo = TarBar;
		};
		EB5B85D61C229C6800807AC3 /* PBXContainerItemProxy */ = {
			isa = PBXContainerItemProxy;
			containerPortal = EB5B85A91C229C6800807AC3 /* Project object */;
			proxyType = 1;
			remoteGlobalIDString = EB5B85B01C229C6800807AC3;
			remoteInfo = TarBar;
		};
/* End PBXContainerItemProxy section */

/* Begin PBXFileReference section */
		EB5B85B11C229C6800807AC3 /* TarBar.app */ = {isa = PBXFileReference; explicitFileType = wrapper.application; includeInIndex = 0; path = TarBar.app; sourceTree = BUILT_PRODUCTS_DIR; };
		EB5B85B51C229C6800807AC3 /* main.m */ = {isa = PBXFileReference; lastKnownFileType = sourcecode.c.objc; path = main.m; sourceTree = "<group>"; };
		EB5B85B71C229C6800807AC3 /* AppDelegate.h */ = {isa = PBXFileReference; lastKnownFileType = sourcecode.c.h; path = AppDelegate.h; sourceTree = "<group>"; };
		EB5B85B81C229C6800807AC3 /* AppDelegate.m */ = {isa = PBXFileReference; lastKnownFileType = sourcecode.c.objc; path = AppDelegate.m; sourceTree = "<group>"; };
		EB5B85C01C229C6800807AC3 /* Assets.xcassets */ = {isa = PBXFileReference; lastKnownFileType = folder.assetcatalog; path = Assets.xcassets; sourceTree = "<group>"; };
		EB5B85C31C229C6800807AC3 /* Base */ = {isa = PBXFileReference; lastKnownFileType = file.storyboard; name = Base; path = Base.lproj/LaunchScreen.storyboard; sourceTree = "<group>"; };
		EB5B85C51C229C6800807AC3 /* Info.plist */ = {isa = PBXFileReference; lastKnownFileType = text.plist.xml; path = Info.plist; sourceTree = "<group>"; };
		EB5B85CA1C229C6800807AC3 /* TarBarTests.xctest */ = {isa = PBXFileReference; explicitFileType = wrapper.cfbundle; includeInIndex = 0; path = TarBarTests.xctest; sourceTree = BUILT_PRODUCTS_DIR; };
		EB5B85CE1C229C6800807AC3 /* TarBarTests.m */ = {isa = PBXFileReference; lastKnownFileType = sourcecode.c.objc; path = TarBarTests.m; sourceTree = "<group>"; };
		EB5B85D01C229C6800807AC3 /* Info.plist */ = {isa = PBXFileReference; lastKnownFileType = text.plist.xml; path = Info.plist; sourceTree = "<group>"; };
		EB5B85D51C229C6800807AC3 /* TarBarUITests.xctest */ = {isa = PBXFileReference; explicitFileType = wrapper.cfbundle; includeInIndex = 0; path = TarBarUITests.xctest; sourceTree = BUILT_PRODUCTS_DIR; };
		EB5B85D91C229C6800807AC3 /* TarBarUITests.m */ = {isa = PBXFileReference; lastKnownFileType = sourcecode.c.objc; path = TarBarUITests.m; sourceTree = "<group>"; };
		EB5B85DB1C229C6800807AC3 /* Info.plist */ = {isa = PBXFileReference; lastKnownFileType = text.plist.xml; path = Info.plist; sourceTree = "<group>"; };
		EB5B85E71C229CAB00807AC3 /* ContentUIvewController.h */ = {isa = PBXFileReference; fileEncoding = 4; lastKnownFileType = sourcecode.c.h; path = ContentUIvewController.h; sourceTree = "<group>"; };
		EB5B85E81C229CAB00807AC3 /* ContentUIvewController.m */ = {isa = PBXFileReference; fileEncoding = 4; lastKnownFileType = sourcecode.c.objc; path = ContentUIvewController.m; sourceTree = "<group>"; };
		EB5B85E91C229CAB00807AC3 /* ContentUIvewController.xib */ = {isa = PBXFileReference; fileEncoding = 4; lastKnownFileType = file.xib; path = ContentUIvewController.xib; sourceTree = "<group>"; };
		EB5B85EC1C229DC000807AC3 /* UIImage+Extension.h */ = {isa = PBXFileReference; fileEncoding = 4; lastKnownFileType = sourcecode.c.h; path = "UIImage+Extension.h"; sourceTree = "<group>"; };
		EB5B85ED1C229DC000807AC3 /* UIImage+Extension.m */ = {isa = PBXFileReference; fileEncoding = 4; lastKnownFileType = sourcecode.c.objc; path = "UIImage+Extension.m"; sourceTree = "<group>"; };
		EB5B85EF1C229DCA00807AC3 /* BLHConst.h */ = {isa = PBXFileReference; fileEncoding = 4; lastKnownFileType = sourcecode.c.h; path = BLHConst.h; sourceTree = "<group>"; };
		EB5B85F01C229DCA00807AC3 /* BLHConst.m */ = {isa = PBXFileReference; fileEncoding = 4; lastKnownFileType = sourcecode.c.objc; path = BLHConst.m; sourceTree = "<group>"; };
		EB5B85F21C229DFD00807AC3 /* CulturalCommitteeSystemViewController.h */ = {isa = PBXFileReference; fileEncoding = 4; lastKnownFileType = sourcecode.c.h; path = CulturalCommitteeSystemViewController.h; sourceTree = "<group>"; };
		EB5B85F31C229DFD00807AC3 /* CulturalCommitteeSystemViewController.m */ = {isa = PBXFileReference; fileEncoding = 4; lastKnownFileType = sourcecode.c.objc; path = CulturalCommitteeSystemViewController.m; sourceTree = "<group>"; };
		EB5B85F41C229DFD00807AC3 /* CulturalCommitteeSystemViewController.xib */ = {isa = PBXFileReference; fileEncoding = 4; lastKnownFileType = file.xib; path = CulturalCommitteeSystemViewController.xib; sourceTree = "<group>"; };
		EB5B85F51C229DFD00807AC3 /* StreetTownViewController.h */ = {isa = PBXFileReference; fileEncoding = 4; lastKnownFileType = sourcecode.c.h; path = StreetTownViewController.h; sourceTree = "<group>"; };
		EB5B85F61C229DFD00807AC3 /* StreetTownViewController.m */ = {isa = PBXFileReference; fileEncoding = 4; lastKnownFileType = sourcecode.c.objc; path = StreetTownViewController.m; sourceTree = "<group>"; };
		EB5B85F71C229DFD00807AC3 /* StreetTownViewController.xib */ = {isa = PBXFileReference; fileEncoding = 4; lastKnownFileType = file.xib; path = StreetTownViewController.xib; sourceTree = "<group>"; };
/* End PBXFileReference section */

/* Begin PBXFrameworksBuildPhase section */
		EB5B85AE1C229C6800807AC3 /* Frameworks */ = {
			isa = PBXFrameworksBuildPhase;
			buildActionMask = 2147483647;
			files = (
			);
			runOnlyForDeploymentPostprocessing = 0;
		};
		EB5B85C71C229C6800807AC3 /* Frameworks */ = {
			isa = PBXFrameworksBuildPhase;
			buildActionMask = 2147483647;
			files = (
			);
			runOnlyForDeploymentPostprocessing = 0;
		};
		EB5B85D21C229C6800807AC3 /* Frameworks */ = {
			isa = PBXFrameworksBuildPhase;
			buildActionMask = 2147483647;
			files = (
			);
			runOnlyForDeploymentPostprocessing = 0;
		};
/* End PBXFrameworksBuildPhase section */

/* Begin PBXGroup section */
		EB5B85A81C229C6800807AC3 = {
			isa = PBXGroup;
			children = (
				EB5B85B31C229C6800807AC3 /* TarBar */,
				EB5B85CD1C229C6800807AC3 /* TarBarTests */,
				EB5B85D81C229C6800807AC3 /* TarBarUITests */,
				EB5B85B21C229C6800807AC3 /* Products */,
			);
			sourceTree = "<group>";
		};
		EB5B85B21C229C6800807AC3 /* Products */ = {
			isa = PBXGroup;
			children = (
				EB5B85B11C229C6800807AC3 /* TarBar.app */,
				EB5B85CA1C229C6800807AC3 /* TarBarTests.xctest */,
				EB5B85D51C229C6800807AC3 /* TarBarUITests.xctest */,
			);
			name = Products;
			sourceTree = "<group>";
		};
		EB5B85B31C229C6800807AC3 /* TarBar */ = {
			isa = PBXGroup;
			children = (
				EB5B85F21C229DFD00807AC3 /* CulturalCommitteeSystemViewController.h */,
				EB5B85F31C229DFD00807AC3 /* CulturalCommitteeSystemViewController.m */,
				EB5B85F41C229DFD00807AC3 /* CulturalCommitteeSystemViewController.xib */,
				EB5B85F51C229DFD00807AC3 /* StreetTownViewController.h */,
				EB5B85F61C229DFD00807AC3 /* StreetTownViewController.m */,
				EB5B85F71C229DFD00807AC3 /* StreetTownViewController.xib */,
				EB5B85EF1C229DCA00807AC3 /* BLHConst.h */,
				EB5B85F01C229DCA00807AC3 /* BLHConst.m */,
				EB5B85EC1C229DC000807AC3 /* UIImage+Extension.h */,
				EB5B85ED1C229DC000807AC3 /* UIImage+Extension.m */,
				EB5B85E71C229CAB00807AC3 /* ContentUIvewController.h */,
				EB5B85E81C229CAB00807AC3 /* ContentUIvewController.m */,
				EB5B85E91C229CAB00807AC3 /* ContentUIvewController.xib */,
				EB5B85B71C229C6800807AC3 /* AppDelegate.h */,
				EB5B85B81C229C6800807AC3 /* AppDelegate.m */,
				EB5B85C01C229C6800807AC3 /* Assets.xcassets */,
				EB5B85C21C229C6800807AC3 /* LaunchScreen.storyboard */,
				EB5B85C51C229C6800807AC3 /* Info.plist */,
				EB5B85B41C229C6800807AC3 /* Supporting Files */,
			);
			path = TarBar;
			sourceTree = "<group>";
		};
		EB5B85B41C229C6800807AC3 /* Supporting Files */ = {
			isa = PBXGroup;
			children = (
				EB5B85B51C229C6800807AC3 /* main.m */,
			);
			name = "Supporting Files";
			sourceTree = "<group>";
		};
		EB5B85CD1C229C6800807AC3 /* TarBarTests */ = {
			isa = PBXGroup;
			children = (
				EB5B85CE1C229C6800807AC3 /* TarBarTests.m */,
				EB5B85D01C229C6800807AC3 /* Info.plist */,
			);
			path = TarBarTests;
			sourceTree = "<group>";
		};
		EB5B85D81C229C6800807AC3 /* TarBarUITests */ = {
			isa = PBXGroup;
			children = (
				EB5B85D91C229C6800807AC3 /* TarBarUITests.m */,
				EB5B85DB1C229C6800807AC3 /* Info.plist */,
			);
			path = TarBarUITests;
			sourceTree = "<group>";
		};
/* End PBXGroup section */

/* Begin PBXNativeTarget section */
		EB5B85B01C229C6800807AC3 /* TarBar */ = {
			isa = PBXNativeTarget;
			buildConfigurationList = EB5B85DE1C229C6800807AC3 /* Build configuration list for PBXNativeTarget "TarBar" */;
			buildPhases = (
				EB5B85AD1C229C6800807AC3 /* Sources */,
				EB5B85AE1C229C6800807AC3 /* Frameworks */,
				EB5B85AF1C229C6800807AC3 /* Resources */,
			);
			buildRules = (
			);
			dependencies = (
			);
			name = TarBar;
			productName = TarBar;
			productReference = EB5B85B11C229C6800807AC3 /* TarBar.app */;
			productType = "com.apple.product-type.application";
		};
		EB5B85C91C229C6800807AC3 /* TarBarTests */ = {
			isa = PBXNativeTarget;
			buildConfigurationList = EB5B85E11C229C6800807AC3 /* Build configuration list for PBXNativeTarget "TarBarTests" */;
			buildPhases = (
				EB5B85C61C229C6800807AC3 /* Sources */,
				EB5B85C71C229C6800807AC3 /* Frameworks */,
				EB5B85C81C229C6800807AC3 /* Resources */,
			);
			buildRules = (
			);
			dependencies = (
				EB5B85CC1C229C6800807AC3 /* PBXTargetDependency */,
			);
			name = TarBarTests;
			productName = TarBarTests;
			productReference = EB5B85CA1C229C6800807AC3 /* TarBarTests.xctest */;
			productType = "com.apple.product-type.bundle.unit-test";
		};
		EB5B85D41C229C6800807AC3 /* TarBarUITests */ = {
			isa = PBXNativeTarget;
			buildConfigurationList = EB5B85E41C229C6800807AC3 /* Build configuration list for PBXNativeTarget "TarBarUITests" */;
			buildPhases = (
				EB5B85D11C229C6800807AC3 /* Sources */,
				EB5B85D21C229C6800807AC3 /* Frameworks */,
				EB5B85D31C229C6800807AC3 /* Resources */,
			);
			buildRules = (
			);
			dependencies = (
				EB5B85D71C229C6800807AC3 /* PBXTargetDependency */,
			);
			name = TarBarUITests;
			productName = TarBarUITests;
			productReference = EB5B85D51C229C6800807AC3 /* TarBarUITests.xctest */;
			productType = "com.apple.product-type.bundle.ui-testing";
		};
/* End PBXNativeTarget section */

/* Begin PBXProject section */
		EB5B85A91C229C6800807AC3 /* Project object */ = {
			isa = PBXProject;
			attributes = {
				LastUpgradeCheck = 0710;
				ORGANIZATIONNAME = lzy;
				TargetAttributes = {
					EB5B85B01C229C6800807AC3 = {
						CreatedOnToolsVersion = 7.1.1;
					};
					EB5B85C91C229C6800807AC3 = {
						CreatedOnToolsVersion = 7.1.1;
						TestTargetID = EB5B85B01C229C6800807AC3;
					};
					EB5B85D41C229C6800807AC3 = {
						CreatedOnToolsVersion = 7.1.1;
						TestTargetID = EB5B85B01C229C6800807AC3;
					};
				};
			};
			buildConfigurationList = EB5B85AC1C229C6800807AC3 /* Build configuration list for PBXProject "TarBar" */;
			compatibilityVersion = "Xcode 3.2";
			developmentRegion = English;
			hasScannedForEncodings = 0;
			knownRegions = (
				en,
				Base,
			);
			mainGroup = EB5B85A81C229C6800807AC3;
			productRefGroup = EB5B85B21C229C6800807AC3 /* Products */;
			projectDirPath = "";
			projectRoot = "";
			targets = (
				EB5B85B01C229C6800807AC3 /* TarBar */,
				EB5B85C91C229C6800807AC3 /* TarBarTests */,
				EB5B85D41C229C6800807AC3 /* TarBarUITests */,
			);
		};
/* End PBXProject section */

/* Begin PBXResourcesBuildPhase section */
		EB5B85AF1C229C6800807AC3 /* Resources */ = {
			isa = PBXResourcesBuildPhase;
			buildActionMask = 2147483647;
			files = (
				EB5B85C41C229C6800807AC3 /* LaunchScreen.storyboard in Resources */,
				EB5B85F91C229DFD00807AC3 /* CulturalCommitteeSystemViewController.xib in Resources */,
				EB5B85C11C229C6800807AC3 /* Assets.xcassets in Resources */,
				EB5B85EB1C229CAB00807AC3 /* ContentUIvewController.xib in Resources */,
				EB5B85FB1C229DFD00807AC3 /* StreetTownViewController.xib in Resources */,
			);
			runOnlyForDeploymentPostprocessing = 0;
		};
		EB5B85C81C229C6800807AC3 /* Resources */ = {
			isa = PBXResourcesBuildPhase;
			buildActionMask = 2147483647;
			files = (
			);
			runOnlyForDeploymentPostprocessing = 0;
		};
		EB5B85D31C229C6800807AC3 /* Resources */ = {
			isa = PBXResourcesBuildPhase;
			buildActionMask = 2147483647;
			files = (
			);
			runOnlyForDeploymentPostprocessing = 0;
		};
/* End PBXResourcesBuildPhase section */

/* Begin PBXSourcesBuildPhase section */
		EB5B85AD1C229C6800807AC3 /* Sources */ = {
			isa = PBXSourcesBuildPhase;
			buildActionMask = 2147483647;
			files = (
				EB5B85FA1C229DFD00807AC3 /* StreetTownViewController.m in Sources */,
				EB5B85B91C229C6800807AC3 /* AppDelegate.m in Sources */,
				EB5B85EA1C229CAB00807AC3 /* ContentUIvewController.m in Sources */,
				EB5B85B61C229C6800807AC3 /* main.m in Sources */,
				EB5B85F11C229DCA00807AC3 /* BLHConst.m in Sources */,
				EB5B85EE1C229DC000807AC3 /* UIImage+Extension.m in Sources */,
				EB5B85F81C229DFD00807AC3 /* CulturalCommitteeSystemViewController.m in Sources */,
			);
			runOnlyForDeploymentPostprocessing = 0;
		};
		EB5B85C61C229C6800807AC3 /* Sources */ = {
			isa = PBXSourcesBuildPhase;
			buildActionMask = 2147483647;
			files = (
				EB5B85CF1C229C6800807AC3 /* TarBarTests.m in Sources */,
			);
			runOnlyForDeploymentPostprocessing = 0;
		};
		EB5B85D11C229C6800807AC3 /* Sources */ = {
			isa = PBXSourcesBuildPhase;
			buildActionMask = 2147483647;
			files = (
				EB5B85DA1C229C6800807AC3 /* TarBarUITests.m in Sources */,
			);
			runOnlyForDeploymentPostprocessing = 0;
		};
/* End PBXSourcesBuildPhase section */

/* Begin PBXTargetDependency section */
		EB5B85CC1C229C6800807AC3 /* PBXTargetDependency */ = {
			isa = PBXTargetDependency;
			target = EB5B85B01C229C6800807AC3 /* TarBar */;
			targetProxy = EB5B85CB1C229C6800807AC3 /* PBXContainerItemProxy */;
		};
		EB5B85D71C229C6800807AC3 /* PBXTargetDependency */ = {
			isa = PBXTargetDependency;
			target = EB5B85B01C229C6800807AC3 /* TarBar */;
			targetProxy = EB5B85D61C229C6800807AC3 /* PBXContainerItemProxy */;
		};
/* End PBXTargetDependency section */

/* Begin PBXVariantGroup section */
		EB5B85C21C229C6800807AC3 /* LaunchScreen.storyboard */ = {
			isa = PBXVariantGroup;
			children = (
				EB5B85C31C229C6800807AC3 /* Base */,
			);
			name = LaunchScreen.storyboard;
			sourceTree = "<group>";
		};
/* End PBXVariantGroup section */

/* Begin XCBuildConfiguration section */
		EB5B85DC1C229C6800807AC3 /* Debug */ = {
			isa = XCBuildConfiguration;
			buildSettings = {
				ALWAYS_SEARCH_USER_PATHS = NO;
				CLANG_CXX_LANGUAGE_STANDARD = "gnu++0x";
				CLANG_CXX_LIBRARY = "libc++";
				CLANG_ENABLE_MODULES = YES;
				CLANG_ENABLE_OBJC_ARC = YES;
				CLANG_WARN_BOOL_CONVERSION = YES;
				CLANG_WARN_CONSTANT_CONVERSION = YES;
				CLANG_WARN_DIRECT_OBJC_ISA_USAGE = YES_ERROR;
				CLANG_WARN_EMPTY_BODY = YES;
				CLANG_WARN_ENUM_CONVERSION = YES;
				CLANG_WARN_INT_CONVERSION = YES;
				CLANG_WARN_OBJC_ROOT_CLASS = YES_ERROR;
				CLANG_WARN_UNREACHABLE_CODE = YES;
				CLANG_WARN__DUPLICATE_METHOD_MATCH = YES;
				"CODE_SIGN_IDENTITY[sdk=iphoneos*]" = "iPhone Developer";
				COPY_PHASE_STRIP = NO;
				DEBUG_INFORMATION_FORMAT = dwarf;
				ENABLE_STRICT_OBJC_MSGSEND = YES;
				ENABLE_TESTABILITY = YES;
				GCC_C_LANGUAGE_STANDARD = gnu99;
				GCC_DYNAMIC_NO_PIC = NO;
				GCC_NO_COMMON_BLOCKS = YES;
				GCC_OPTIMIZATION_LEVEL = 0;
				GCC_PREPROCESSOR_DEFINITIONS = (
					"DEBUG=1",
					"$(inherited)",
				);
				GCC_WARN_64_TO_32_BIT_CONVERSION = YES;
				GCC_WARN_ABOUT_RETURN_TYPE = YES_ERROR;
				GCC_WARN_UNDECLARED_SELECTOR = YES;
				GCC_WARN_UNINITIALIZED_AUTOS = YES_AGGRESSIVE;
				GCC_WARN_UNUSED_FUNCTION = YES;
				GCC_WARN_UNUSED_VARIABLE = YES;
				IPHONEOS_DEPLOYMENT_TARGET = 9.1;
				MTL_ENABLE_DEBUG_INFO = YES;
				ONLY_ACTIVE_ARCH = YES;
				SDKROOT = iphoneos;
			};
			name = Debug;
		};
		EB5B85DD1C229C6800807AC3 /* Release */ = {
			isa = XCBuildConfiguration;
			buildSettings = {
				ALWAYS_SEARCH_USER_PATHS = NO;
				CLANG_CXX_LANGUAGE_STANDARD = "gnu++0x";
				CLANG_CXX_LIBRARY = "libc++";
				CLANG_ENABLE_MODULES = YES;
				CLANG_ENABLE_OBJC_ARC = YES;
				CLANG_WARN_BOOL_CONVERSION = YES;
				CLANG_WARN_CONSTANT_CONVERSION = YES;
				CLANG_WARN_DIRECT_OBJC_ISA_USAGE = YES_ERROR;
				CLANG_WARN_EMPTY_BODY = YES;
				CLANG_WARN_ENUM_CONVERSION = YES;
				CLANG_WARN_INT_CONVERSION = YES;
				CLANG_WARN_OBJC_ROOT_CLASS = YES_ERROR;
				CLANG_WARN_UNREACHABLE_CODE = YES;
				CLANG_WARN__DUPLICATE_METHOD_MATCH = YES;
				"CODE_SIGN_IDENTITY[sdk=iphoneos*]" = "iPhone Developer";
				COPY_PHASE_STRIP = NO;
				DEBUG_INFORMATION_FORMAT = "dwarf-with-dsym";
				ENABLE_NS_ASSERTIONS = NO;
				ENABLE_STRICT_OBJC_MSGSEND = YES;
				GCC_C_LANGUAGE_STANDARD = gnu99;
				GCC_NO_COMMON_BLOCKS = YES;
				GCC_WARN_64_TO_32_BIT_CONVERSION = YES;
				GCC_WARN_ABOUT_RETURN_TYPE = YES_ERROR;
				GCC_WARN_UNDECLARED_SELECTOR = YES;
				GCC_WARN_UNINITIALIZED_AUTOS = YES_AGGRESSIVE;
				GCC_WARN_UNUSED_FUNCTION = YES;
				GCC_WARN_UNUSED_VARIABLE = YES;
				IPHONEOS_DEPLOYMENT_TARGET = 9.1;
				MTL_ENABLE_DEBUG_INFO = NO;
				SDKROOT = iphoneos;
				VALIDATE_PRODUCT = YES;
			};
			name = Release;
		};
		EB5B85DF1C229C6800807AC3 /* Debug */ = {
			isa = XCBuildConfiguration;
			buildSettings = {
				ASSETCATALOG_COMPILER_APPICON_NAME = AppIcon;
				INFOPLIST_FILE = TarBar/Info.plist;
				LD_RUNPATH_SEARCH_PATHS = "$(inherited) @executable_path/Frameworks";
				PRODUCT_BUNDLE_IDENTIFIER = com.blh.TarBar;
				PRODUCT_NAME = "$(TARGET_NAME)";
			};
			name = Debug;
		};
		EB5B85E01C229C6800807AC3 /* Release */ = {
			isa = XCBuildConfiguration;
			buildSettings = {
				ASSETCATALOG_COMPILER_APPICON_NAME = AppIcon;
				INFOPLIST_FILE = TarBar/Info.plist;
				LD_RUNPATH_SEARCH_PATHS = "$(inherited) @executable_path/Frameworks";
				PRODUCT_BUNDLE_IDENTIFIER = com.blh.TarBar;
				PRODUCT_NAME = "$(TARGET_NAME)";
			};
			name = Release;
		};
		EB5B85E21C229C6800807AC3 /* Debug */ = {
			isa = XCBuildConfiguration;
			buildSettings = {
				BUNDLE_LOADER = "$(TEST_HOST)";
				INFOPLIST_FILE = TarBarTests/Info.plist;
				LD_RUNPATH_SEARCH_PATHS = "$(inherited) @executable_path/Frameworks @loader_path/Frameworks";
				PRODUCT_BUNDLE_IDENTIFIER = com.blh.TarBarTests;
				PRODUCT_NAME = "$(TARGET_NAME)";
				TEST_HOST = "$(BUILT_PRODUCTS_DIR)/TarBar.app/TarBar";
			};
			name = Debug;
		};
		EB5B85E31C229C6800807AC3 /* Release */ = {
			isa = XCBuildConfiguration;
			buildSettings = {
				BUNDLE_LOADER = "$(TEST_HOST)";
				INFOPLIST_FILE = TarBarTests/Info.plist;
				LD_RUNPATH_SEARCH_PATHS = "$(inherited) @executable_path/Frameworks @loader_path/Frameworks";
				PRODUCT_BUNDLE_IDENTIFIER = com.blh.TarBarTests;
				PRODUCT_NAME = "$(TARGET_NAME)";
				TEST_HOST = "$(BUILT_PRODUCTS_DIR)/TarBar.app/TarBar";
			};
			name = Release;
		};
		EB5B85E51C229C6800807AC3 /* Debug */ = {
			isa = XCBuildConfiguration;
			buildSettings = {
				INFOPLIST_FILE = TarBarUITests/Info.plist;
				LD_RUNPATH_SEARCH_PATHS = "$(inherited) @executable_path/Frameworks @loader_path/Frameworks";
				PRODUCT_BUNDLE_IDENTIFIER = com.blh.TarBarUITests;
				PRODUCT_NAME = "$(TARGET_NAME)";
				TEST_TARGET_NAME = TarBar;
				USES_XCTRUNNER = YES;
			};
			name = Debug;
		};
		EB5B85E61C229C6800807AC3 /* Release */ = {
			isa = XCBuildConfiguration;
			buildSettings = {
				INFOPLIST_FILE = TarBarUITests/Info.plist;
				LD_RUNPATH_SEARCH_PATHS = "$(inherited) @executable_path/Frameworks @loader_path/Frameworks";
				PRODUCT_BUNDLE_IDENTIFIER = com.blh.TarBarUITests;
				PRODUCT_NAME = "$(TARGET_NAME)";
				TEST_TARGET_NAME = TarBar;
				USES_XCTRUNNER = YES;
			};
			name = Release;
		};
/* End XCBuildConfiguration section */

/* Begin XCConfigurationList section */
		EB5B85AC1C229C6800807AC3 /* Build configuration list for PBXProject "TarBar" */ = {
			isa = XCConfigurationList;
			buildConfigurations = (
				EB5B85DC1C229C6800807AC3 /* Debug */,
				EB5B85DD1C229C6800807AC3 /* Release */,
			);
			defaultConfigurationIsVisible = 0;
			defaultConfigurationName = Release;
		};
		EB5B85DE1C229C6800807AC3 /* Build configuration list for PBXNativeTarget "TarBar" */ = {
			isa = XCConfigurationList;
			buildConfigurations = (
				EB5B85DF1C229C6800807AC3 /* Debug */,
				EB5B85E01C229C6800807AC3 /* Release */,
			);
			defaultConfigurationIsVisible = 0;
		};
		EB5B85E11C229C6800807AC3 /* Build configuration list for PBXNativeTarget "TarBarTests" */ = {
			isa = XCConfigurationList;
			buildConfigurations = (
				EB5B85E21C229C6800807AC3 /* Debug */,
				EB5B85E31C229C6800807AC3 /* Release */,
			);
			defaultConfigurationIsVisible = 0;
		};
		EB5B85E41C229C6800807AC3 /* Build configuration list for PBXNativeTarget "TarBarUITests" */ = {
			isa = XCConfigurationList;
			buildConfigurations = (
				EB5B85E51C229C6800807AC3 /* Debug */,
				EB5B85E61C229C6800807AC3 /* Release */,
			);
			defaultConfigurationIsVisible = 0;
		};
/* End XCConfigurationList section */
	};
	rootObject = EB5B85A91C229C6800807AC3 /* Project object */;
}
